version = 1
revision = 3
requires-python = "==3.11.*"

[[package]]
name = "base-app"
version = "0.1.0"
source = { git = "https://github.com/PhilippVerpoort/base-app/#be70871e92e5605d3e9aa6ad5b9d6b803077a924" }
dependencies = [
    { name = "jsonpickle" },
    { name = "pyside6" },
]

[[package]]
name = "colorama"
version = "0.4.6"
source = { registry = "https://pypi.org/simple" }
sdist = { url = "https://files.pythonhosted.org/packages/d8/53/6f443c9a4a8358a93a6792e2acffb9d9d5cb0a5cfd8802644b7b1c9a02e4/colorama-0.4.6.tar.gz", hash = "sha256:08695f5cb7ed6e0531a20572697297273c47b8cae5a63ffc6d6ed5c201be6e44", size = 27697, upload-time = "2022-10-25T02:36:22.414Z" }
wheels = [
    { url = "https://files.pythonhosted.org/packages/d1/d6/3965ed04c63042e047cb6a3e6ed1a63a35087b6a609aa3a15ed8ac56c221/colorama-0.4.6-py2.py3-none-any.whl", hash = "sha256:4f1d9991f5acc0ca119f9d443620b77f9d6b33703e51011c16baf57afb285fc6", size = 25335, upload-time = "2022-10-25T02:36:20.889Z" },
]

[[package]]
name = "datahandling"
version = "1.0.0"
source = { git = "https://github.com/PhilippVerpoort/datahandling/#0ffeeef785f4b9ef73bf794af20bcb8476d0cd00" }
dependencies = [
    { name = "openpyxl" },
    { name = "pandas" },
]

[[package]]
name = "et-xmlfile"
version = "2.0.0"
source = { registry = "https://pypi.org/simple" }
sdist = { url = "https://files.pythonhosted.org/packages/d3/38/af70d7ab1ae9d4da450eeec1fa3918940a5fafb9055e934af8d6eb0c2313/et_xmlfile-2.0.0.tar.gz", hash = "sha256:dab3f4764309081ce75662649be815c4c9081e88f0837825f90fd28317d4da54", size = 17234, upload-time = "2024-10-25T17:25:40.039Z" }
wheels = [
    { url = "https://files.pythonhosted.org/packages/c1/8b/5fe2cc11fee489817272089c4203e679c63b570a5aaeb18d852ae3cbba6a/et_xmlfile-2.0.0-py3-none-any.whl", hash = "sha256:7a91720bc756843502c3b7504c77b8fe44217c85c537d85037f0f536151b2caa", size = 18059, upload-time = "2024-10-25T17:25:39.051Z" },
]

[[package]]
name = "groupselect"
version = "0.1.0"
source = { git = "https://github.com/PhilippVerpoort/groupselect-lib#6141bf193693b326aa92e4d31d4b99f0dba1e08f" }
dependencies = [
    { name = "numpy" },
    { name = "pytest" },
]

[[package]]
name = "groupselect-app"
version = "2.0.0"
source = { virtual = "." }
dependencies = [
    { name = "base-app" },
    { name = "datahandling" },
    { name = "groupselect" },
    { name = "pandas" },
    { name = "setuptools" },
]

[package.metadata]
requires-dist = [
    { name = "base-app", git = "https://github.com/PhilippVerpoort/base-app/" },
    { name = "datahandling", git = "https://github.com/PhilippVerpoort/datahandling/" },
    { name = "groupselect", git = "https://github.com/PhilippVerpoort/groupselect-lib" },
    { name = "pandas", specifier = ">=2.3.3" },
    { name = "setuptools", specifier = ">=80.9.0" },
]

[[package]]
name = "iniconfig"
version = "2.3.0"
source = { registry = "https://pypi.org/simple" }
sdist = { url = "https://files.pythonhosted.org/packages/72/34/14ca021ce8e5dfedc35312d08ba8bf51fdd999c576889fc2c24cb97f4f10/iniconfig-2.3.0.tar.gz", hash = "sha256:c76315c77db068650d49c5b56314774a7804df16fee4402c1f19d6d15d8c4730", size = 20503, upload-time = "2025-10-18T21:55:43.219Z" }
wheels = [
    { url = "https://files.pythonhosted.org/packages/cb/b1/3846dd7f199d53cb17f49cba7e651e9ce294d8497c8c150530ed11865bb8/iniconfig-2.3.0-py3-none-any.whl", hash = "sha256:f631c04d2c48c52b84d0d0549c99ff3859c98df65b3101406327ecc7d53fbf12", size = 7484, upload-time = "2025-10-18T21:55:41.639Z" },
]

[[package]]
name = "jsonpickle"
version = "4.1.1"
source = { registry = "https://pypi.org/simple" }
sdist = { url = "https://files.pythonhosted.org/packages/e4/a6/d07afcfdef402900229bcca795f80506b207af13a838d4d99ad45abf530c/jsonpickle-4.1.1.tar.gz", hash = "sha256:f86e18f13e2b96c1c1eede0b7b90095bbb61d99fedc14813c44dc2f361dbbae1", size = 316885, upload-time = "2025-06-02T20:36:11.57Z" }
wheels = [
    { url = "https://files.pythonhosted.org/packages/c1/73/04df8a6fa66d43a9fd45c30f283cc4afff17da671886e451d52af60bdc7e/jsonpickle-4.1.1-py3-none-any.whl", hash = "sha256:bb141da6057898aa2438ff268362b126826c812a1721e31cf08a6e142910dc91", size = 47125, upload-time = "2025-06-02T20:36:08.647Z" },
]

[[package]]
name = "numpy"
version = "2.3.4"
source = { registry = "https://pypi.org/simple" }
sdist = { url = "https://files.pythonhosted.org/packages/b5/f4/098d2270d52b41f1bd7db9fc288aaa0400cb48c2a3e2af6fa365d9720947/numpy-2.3.4.tar.gz", hash = "sha256:a7d018bfedb375a8d979ac758b120ba846a7fe764911a64465fd87b8729f4a6a", size = 20582187, upload-time = "2025-10-15T16:18:11.77Z" }
wheels = [
    { url = "https://files.pythonhosted.org/packages/60/e7/0e07379944aa8afb49a556a2b54587b828eb41dc9adc56fb7615b678ca53/numpy-2.3.4-cp311-cp311-macosx_10_9_x86_64.whl", hash = "sha256:e78aecd2800b32e8347ce49316d3eaf04aed849cd5b38e0af39f829a4e59f5eb", size = 21259519, upload-time = "2025-10-15T16:15:19.012Z" },
    { url = "https://files.pythonhosted.org/packages/d0/cb/5a69293561e8819b09e34ed9e873b9a82b5f2ade23dce4c51dc507f6cfe1/numpy-2.3.4-cp311-cp311-macosx_11_0_arm64.whl", hash = "sha256:7fd09cc5d65bda1e79432859c40978010622112e9194e581e3415a3eccc7f43f", size = 14452796, upload-time = "2025-10-15T16:15:23.094Z" },
    { url = "https://files.pythonhosted.org/packages/e4/04/ff11611200acd602a1e5129e36cfd25bf01ad8e5cf927baf2e90236eb02e/numpy-2.3.4-cp311-cp311-macosx_14_0_arm64.whl", hash = "sha256:1b219560ae2c1de48ead517d085bc2d05b9433f8e49d0955c82e8cd37bd7bf36", size = 5381639, upload-time = "2025-10-15T16:15:25.572Z" },
    { url = "https://files.pythonhosted.org/packages/ea/77/e95c757a6fe7a48d28a009267408e8aa382630cc1ad1db7451b3bc21dbb4/numpy-2.3.4-cp311-cp311-macosx_14_0_x86_64.whl", hash = "sha256:bafa7d87d4c99752d07815ed7a2c0964f8ab311eb8168f41b910bd01d15b6032", size = 6914296, upload-time = "2025-10-15T16:15:27.079Z" },
    { url = "https://files.pythonhosted.org/packages/a3/d2/137c7b6841c942124eae921279e5c41b1c34bab0e6fc60c7348e69afd165/numpy-2.3.4-cp311-cp311-manylinux_2_27_aarch64.manylinux_2_28_aarch64.whl", hash = "sha256:36dc13af226aeab72b7abad501d370d606326a0029b9f435eacb3b8c94b8a8b7", size = 14591904, upload-time = "2025-10-15T16:15:29.044Z" },
    { url = "https://files.pythonhosted.org/packages/bb/32/67e3b0f07b0aba57a078c4ab777a9e8e6bc62f24fb53a2337f75f9691699/numpy-2.3.4-cp311-cp311-manylinux_2_27_x86_64.manylinux_2_28_x86_64.whl", hash = "sha256:a7b2f9a18b5ff9824a6af80de4f37f4ec3c2aab05ef08f51c77a093f5b89adda", size = 16939602, upload-time = "2025-10-15T16:15:31.106Z" },
    { url = "https://files.pythonhosted.org/packages/95/22/9639c30e32c93c4cee3ccdb4b09c2d0fbff4dcd06d36b357da06146530fb/numpy-2.3.4-cp311-cp311-musllinux_1_2_aarch64.whl", hash = "sha256:9984bd645a8db6ca15d850ff996856d8762c51a2239225288f08f9050ca240a0", size = 16372661, upload-time = "2025-10-15T16:15:33.546Z" },
    { url = "https://files.pythonhosted.org/packages/12/e9/a685079529be2b0156ae0c11b13d6be647743095bb51d46589e95be88086/numpy-2.3.4-cp311-cp311-musllinux_1_2_x86_64.whl", hash = "sha256:64c5825affc76942973a70acf438a8ab618dbd692b84cd5ec40a0a0509edc09a", size = 18884682, upload-time = "2025-10-15T16:15:36.105Z" },
    { url = "https://files.pythonhosted.org/packages/cf/85/f6f00d019b0cc741e64b4e00ce865a57b6bed945d1bbeb1ccadbc647959b/numpy-2.3.4-cp311-cp311-win32.whl", hash = "sha256:ed759bf7a70342f7817d88376eb7142fab9fef8320d6019ef87fae05a99874e1", size = 6570076, upload-time = "2025-10-15T16:15:38.225Z" },
    { url = "https://files.pythonhosted.org/packages/7d/10/f8850982021cb90e2ec31990291f9e830ce7d94eef432b15066e7cbe0bec/numpy-2.3.4-cp311-cp311-win_amd64.whl", hash = "sha256:faba246fb30ea2a526c2e9645f61612341de1a83fb1e0c5edf4ddda5a9c10996", size = 13089358, upload-time = "2025-10-15T16:15:40.404Z" },
    { url = "https://files.pythonhosted.org/packages/d1/ad/afdd8351385edf0b3445f9e24210a9c3971ef4de8fd85155462fc4321d79/numpy-2.3.4-cp311-cp311-win_arm64.whl", hash = "sha256:4c01835e718bcebe80394fd0ac66c07cbb90147ebbdad3dcecd3f25de2ae7e2c", size = 10462292, upload-time = "2025-10-15T16:15:42.896Z" },
    { url = "https://files.pythonhosted.org/packages/b1/b6/64898f51a86ec88ca1257a59c1d7fd077b60082a119affefcdf1dd0df8ca/numpy-2.3.4-pp311-pypy311_pp73-macosx_10_15_x86_64.whl", hash = "sha256:6e274603039f924c0fe5cb73438fa9246699c78a6df1bd3decef9ae592ae1c05", size = 21131552, upload-time = "2025-10-15T16:17:55.845Z" },
    { url = "https://files.pythonhosted.org/packages/ce/4c/f135dc6ebe2b6a3c77f4e4838fa63d350f85c99462012306ada1bd4bc460/numpy-2.3.4-pp311-pypy311_pp73-macosx_11_0_arm64.whl", hash = "sha256:d149aee5c72176d9ddbc6803aef9c0f6d2ceeea7626574fc68518da5476fa346", size = 14377796, upload-time = "2025-10-15T16:17:58.308Z" },
    { url = "https://files.pythonhosted.org/packages/d0/a4/f33f9c23fcc13dd8412fc8614559b5b797e0aba9d8e01dfa8bae10c84004/numpy-2.3.4-pp311-pypy311_pp73-macosx_14_0_arm64.whl", hash = "sha256:6d34ed9db9e6395bb6cd33286035f73a59b058169733a9db9f85e650b88df37e", size = 5306904, upload-time = "2025-10-15T16:18:00.596Z" },
    { url = "https://files.pythonhosted.org/packages/28/af/c44097f25f834360f9fb960fa082863e0bad14a42f36527b2a121abdec56/numpy-2.3.4-pp311-pypy311_pp73-macosx_14_0_x86_64.whl", hash = "sha256:fdebe771ca06bb8d6abce84e51dca9f7921fe6ad34a0c914541b063e9a68928b", size = 6819682, upload-time = "2025-10-15T16:18:02.32Z" },
    { url = "https://files.pythonhosted.org/packages/c5/8c/cd283b54c3c2b77e188f63e23039844f56b23bba1712318288c13fe86baf/numpy-2.3.4-pp311-pypy311_pp73-manylinux_2_27_aarch64.manylinux_2_28_aarch64.whl", hash = "sha256:957e92defe6c08211eb77902253b14fe5b480ebc5112bc741fd5e9cd0608f847", size = 14422300, upload-time = "2025-10-15T16:18:04.271Z" },
    { url = "https://files.pythonhosted.org/packages/b0/f0/8404db5098d92446b3e3695cf41c6f0ecb703d701cb0b7566ee2177f2eee/numpy-2.3.4-pp311-pypy311_pp73-manylinux_2_27_x86_64.manylinux_2_28_x86_64.whl", hash = "sha256:13b9062e4f5c7ee5c7e5be96f29ba71bc5a37fed3d1d77c37390ae00724d296d", size = 16760806, upload-time = "2025-10-15T16:18:06.668Z" },
    { url = "https://files.pythonhosted.org/packages/95/8e/2844c3959ce9a63acc7c8e50881133d86666f0420bcde695e115ced0920f/numpy-2.3.4-pp311-pypy311_pp73-win_amd64.whl", hash = "sha256:81b3a59793523e552c4a96109dde028aa4448ae06ccac5a76ff6532a85558a7f", size = 12973130, upload-time = "2025-10-15T16:18:09.397Z" },
]

[[package]]
name = "openpyxl"
version = "3.1.5"
source = { registry = "https://pypi.org/simple" }
dependencies = [
    { name = "et-xmlfile" },
]
sdist = { url = "https://files.pythonhosted.org/packages/3d/f9/88d94a75de065ea32619465d2f77b29a0469500e99012523b91cc4141cd1/openpyxl-3.1.5.tar.gz", hash = "sha256:cf0e3cf56142039133628b5acffe8ef0c12bc902d2aadd3e0fe5878dc08d1050", size = 186464, upload-time = "2024-06-28T14:03:44.161Z" }
wheels = [
    { url = "https://files.pythonhosted.org/packages/c0/da/977ded879c29cbd04de313843e76868e6e13408a94ed6b987245dc7c8506/openpyxl-3.1.5-py2.py3-none-any.whl", hash = "sha256:5282c12b107bffeef825f4617dc029afaf41d0ea60823bbb665ef3079dc79de2", size = 250910, upload-time = "2024-06-28T14:03:41.161Z" },
]

[[package]]
name = "packaging"
version = "25.0"
source = { registry = "https://pypi.org/simple" }
sdist = { url = "https://files.pythonhosted.org/packages/a1/d4/1fc4078c65507b51b96ca8f8c3ba19e6a61c8253c72794544580a7b6c24d/packaging-25.0.tar.gz", hash = "sha256:d443872c98d677bf60f6a1f2f8c1cb748e8fe762d2bf9d3148b5599295b0fc4f", size = 165727, upload-time = "2025-04-19T11:48:59.673Z" }
wheels = [
    { url = "https://files.pythonhosted.org/packages/20/12/38679034af332785aac8774540895e234f4d07f7545804097de4b666afd8/packaging-25.0-py3-none-any.whl", hash = "sha256:29572ef2b1f17581046b3a2227d5c611fb25ec70ca1ba8554b24b0e69331a484", size = 66469, upload-time = "2025-04-19T11:48:57.875Z" },
]

[[package]]
name = "pandas"
version = "2.3.3"
source = { registry = "https://pypi.org/simple" }
dependencies = [
    { name = "numpy" },
    { name = "python-dateutil" },
    { name = "pytz" },
    { name = "tzdata" },
]
sdist = { url = "https://files.pythonhosted.org/packages/33/01/d40b85317f86cf08d853a4f495195c73815fdf205eef3993821720274518/pandas-2.3.3.tar.gz", hash = "sha256:e05e1af93b977f7eafa636d043f9f94c7ee3ac81af99c13508215942e64c993b", size = 4495223, upload-time = "2025-09-29T23:34:51.853Z" }
wheels = [
    { url = "https://files.pythonhosted.org/packages/c1/fa/7ac648108144a095b4fb6aa3de1954689f7af60a14cf25583f4960ecb878/pandas-2.3.3-cp311-cp311-macosx_10_9_x86_64.whl", hash = "sha256:602b8615ebcc4a0c1751e71840428ddebeb142ec02c786e8ad6b1ce3c8dec523", size = 11578790, upload-time = "2025-09-29T23:18:30.065Z" },
    { url = "https://files.pythonhosted.org/packages/9b/35/74442388c6cf008882d4d4bdfc4109be87e9b8b7ccd097ad1e7f006e2e95/pandas-2.3.3-cp311-cp311-macosx_11_0_arm64.whl", hash = "sha256:8fe25fc7b623b0ef6b5009149627e34d2a4657e880948ec3c840e9402e5c1b45", size = 10833831, upload-time = "2025-09-29T23:38:56.071Z" },
    { url = "https://files.pythonhosted.org/packages/fe/e4/de154cbfeee13383ad58d23017da99390b91d73f8c11856f2095e813201b/pandas-2.3.3-cp311-cp311-manylinux_2_24_aarch64.manylinux_2_28_aarch64.whl", hash = "sha256:b468d3dad6ff947df92dcb32ede5b7bd41a9b3cceef0a30ed925f6d01fb8fa66", size = 12199267, upload-time = "2025-09-29T23:18:41.627Z" },
    { url = "https://files.pythonhosted.org/packages/bf/c9/63f8d545568d9ab91476b1818b4741f521646cbdd151c6efebf40d6de6f7/pandas-2.3.3-cp311-cp311-manylinux_2_24_x86_64.manylinux_2_28_x86_64.whl", hash = "sha256:b98560e98cb334799c0b07ca7967ac361a47326e9b4e5a7dfb5ab2b1c9d35a1b", size = 12789281, upload-time = "2025-09-29T23:18:56.834Z" },
    { url = "https://files.pythonhosted.org/packages/f2/00/a5ac8c7a0e67fd1a6059e40aa08fa1c52cc00709077d2300e210c3ce0322/pandas-2.3.3-cp311-cp311-musllinux_1_2_aarch64.whl", hash = "sha256:1d37b5848ba49824e5c30bedb9c830ab9b7751fd049bc7914533e01c65f79791", size = 13240453, upload-time = "2025-09-29T23:19:09.247Z" },
    { url = "https://files.pythonhosted.org/packages/27/4d/5c23a5bc7bd209231618dd9e606ce076272c9bc4f12023a70e03a86b4067/pandas-2.3.3-cp311-cp311-musllinux_1_2_x86_64.whl", hash = "sha256:db4301b2d1f926ae677a751eb2bd0e8c5f5319c9cb3f88b0becbbb0b07b34151", size = 13890361, upload-time = "2025-09-29T23:19:25.342Z" },
    { url = "https://files.pythonhosted.org/packages/8e/59/712db1d7040520de7a4965df15b774348980e6df45c129b8c64d0dbe74ef/pandas-2.3.3-cp311-cp311-win_amd64.whl", hash = "sha256:f086f6fe114e19d92014a1966f43a3e62285109afe874f067f5abbdcbb10e59c", size = 11348702, upload-time = "2025-09-29T23:19:38.296Z" },
]

[[package]]
name = "pluggy"
version = "1.6.0"
source = { registry = "https://pypi.org/simple" }
sdist = { url = "https://files.pythonhosted.org/packages/f9/e2/3e91f31a7d2b083fe6ef3fa267035b518369d9511ffab804f839851d2779/pluggy-1.6.0.tar.gz", hash = "sha256:7dcc130b76258d33b90f61b658791dede3486c3e6bfb003ee5c9bfb396dd22f3", size = 69412, upload-time = "2025-05-15T12:30:07.975Z" }
wheels = [
    { url = "https://files.pythonhosted.org/packages/54/20/4d324d65cc6d9205fabedc306948156824eb9f0ee1633355a8f7ec5c66bf/pluggy-1.6.0-py3-none-any.whl", hash = "sha256:e920276dd6813095e9377c0bc5566d94c932c33b27a3e3945d8389c374dd4746", size = 20538, upload-time = "2025-05-15T12:30:06.134Z" },
]

[[package]]
name = "pygments"
version = "2.19.2"
source = { registry = "https://pypi.org/simple" }
sdist = { url = "https://files.pythonhosted.org/packages/b0/77/a5b8c569bf593b0140bde72ea885a803b82086995367bf2037de0159d924/pygments-2.19.2.tar.gz", hash = "sha256:636cb2477cec7f8952536970bc533bc43743542f70392ae026374600add5b887", size = 4968631, upload-time = "2025-06-21T13:39:12.283Z" }
wheels = [
    { url = "https://files.pythonhosted.org/packages/c7/21/705964c7812476f378728bdf590ca4b771ec72385c533964653c68e86bdc/pygments-2.19.2-py3-none-any.whl", hash = "sha256:86540386c03d588bb81d44bc3928634ff26449851e99741617ecb9037ee5ec0b", size = 1225217, upload-time = "2025-06-21T13:39:07.939Z" },
]

[[package]]
name = "pyside6"
version = "6.10.0"
source = { registry = "https://pypi.org/simple" }
dependencies = [
    { name = "pyside6-addons" },
    { name = "pyside6-essentials" },
    { name = "shiboken6" },
]
wheels = [
    { url = "https://files.pythonhosted.org/packages/e6/98/84b16f78b5d92dd234fb1eb9890a350a5b0c83d985bb8c44a92f813a2d02/pyside6-6.10.0-cp39-abi3-macosx_13_0_universal2.whl", hash = "sha256:c2cbc5dc2a164e3c7c51b3435e24203e90e5edd518c865466afccbd2e5872bb0", size = 558115, upload-time = "2025-10-08T09:47:09.246Z" },
    { url = "https://files.pythonhosted.org/packages/4e/76/0961c8c5653ecb60a6881b649dcb6b71a6be5bd1c8d441ecc48ac7f50b1a/pyside6-6.10.0-cp39-abi3-manylinux_2_34_x86_64.whl", hash = "sha256:ae8c3c8339cd7c3c9faa7cc5c52670dcc8662ccf4b63a6fed61c6345b90c4c01", size = 557762, upload-time = "2025-10-08T09:47:11.819Z" },
    { url = "https://files.pythonhosted.org/packages/c8/73/6187502fff8b6599443d15c46dd900b2ded24be5aacb2becce33f6faf566/pyside6-6.10.0-cp39-abi3-manylinux_2_39_aarch64.whl", hash = "sha256:9f402f883e640048fab246d36e298a5e16df9b18ba2e8c519877e472d3602820", size = 558299, upload-time = "2025-10-08T09:47:14.255Z" },
    { url = "https://files.pythonhosted.org/packages/43/67/94794ebaf198bbdb35cb77f19f38370f9b323b036ab149874bc33c38faab/pyside6-6.10.0-cp39-abi3-win_amd64.whl", hash = "sha256:70a8bcc73ea8d6baab70bba311eac77b9a1d31f658d0b418e15eb6ea36c97e6f", size = 564367, upload-time = "2025-10-08T09:47:16.287Z" },
    { url = "https://files.pythonhosted.org/packages/1d/cc/552331d413c1b933d54ed45e33cc7ff29d0b239677975fe2528e7ac8bfbc/pyside6-6.10.0-cp39-abi3-win_arm64.whl", hash = "sha256:4b709bdeeb89d386059343a5a706fc185cee37b517bda44c7d6b64d5fdaf3339", size = 548826, upload-time = "2025-10-08T09:47:18.399Z" },
]

[[package]]
name = "pyside6-addons"
version = "6.10.0"
source = { registry = "https://pypi.org/simple" }
dependencies = [
    { name = "pyside6-essentials" },
    { name = "shiboken6" },
]
wheels = [
    { url = "https://files.pythonhosted.org/packages/47/23/9fbdec2ce16244ac3fe28e6d44c39c70465c93a03325939a792fd00fde7f/pyside6_addons-6.10.0-cp39-abi3-macosx_13_0_universal2.whl", hash = "sha256:88e61e21ee4643cdd9efb39ec52f4dc1ac74c0b45c5b7fa453d03c094f0a8a5c", size = 322248256, upload-time = "2025-10-08T09:47:37.844Z" },
    { url = "https://files.pythonhosted.org/packages/b7/b8/d129210f2c7366b4e1bf5bb6230be42052b29e8ba1b1d7db6ef333cf5a39/pyside6_addons-6.10.0-cp39-abi3-manylinux_2_34_x86_64.whl", hash = "sha256:08d4ed46c4c9a353a9eb84134678f8fdd4ce17fb8cce2b3686172a7575025464", size = 170238987, upload-time = "2025-10-08T09:47:51.446Z" },
    { url = "https://files.pythonhosted.org/packages/cf/ae/ede1edd009395092219f3437d2ee59f9ba93739c28c040542ed47c6cc831/pyside6_addons-6.10.0-cp39-abi3-manylinux_2_39_aarch64.whl", hash = "sha256:15d32229d681be0bba1b936c4a300da43d01e1917ada5b57f9e03a387c245ab0", size = 165939425, upload-time = "2025-10-08T09:48:02.073Z" },
    { url = "https://files.pythonhosted.org/packages/7d/5d/a3c32f85ac7f905c95679967c0ddda0ba043c273b75623cc90d8185064e4/pyside6_addons-6.10.0-cp39-abi3-win_amd64.whl", hash = "sha256:99d93a32c17c5f6d797c3b90dd58f2a8bae13abde81e85802c34ceafaee11859", size = 164814172, upload-time = "2025-10-08T09:48:12.891Z" },
    { url = "https://files.pythonhosted.org/packages/a3/2a/4ff71b09571202c8e1320c45276fc1d0cd81ee53107dfc17bb22d4243f88/pyside6_addons-6.10.0-cp39-abi3-win_arm64.whl", hash = "sha256:92536427413f3b6557cf53f1a515cd766725ee46a170aff57ad2ff1dfce0ffb1", size = 34104251, upload-time = "2025-10-08T09:48:18.287Z" },
]

[[package]]
name = "pyside6-essentials"
version = "6.10.0"
source = { registry = "https://pypi.org/simple" }
dependencies = [
    { name = "shiboken6" },
]
wheels = [
    { url = "https://files.pythonhosted.org/packages/e5/55/bad02ab890c8b8101abef0db4a2e5304be78a69e23a438e4d8555b664467/pyside6_essentials-6.10.0-cp39-abi3-macosx_13_0_universal2.whl", hash = "sha256:003e871effe1f3e5b876bde715c15a780d876682005a6e989d89f48b8b93e93a", size = 105034090, upload-time = "2025-10-08T09:48:24.944Z" },
    { url = "https://files.pythonhosted.org/packages/5c/75/e17efc7eb900993e0e3925885635c6cf373c817196f09bcbcc102b00ac94/pyside6_essentials-6.10.0-cp39-abi3-manylinux_2_34_x86_64.whl", hash = "sha256:1d5e013a8698e37ab8ef360e6960794eb5ef20832a8d562e649b8c5a0574b2d8", size = 76362150, upload-time = "2025-10-08T09:48:31.849Z" },
    { url = "https://files.pythonhosted.org/packages/06/62/fbd1e81caafcda97b147c03f5b06cfaadd8da5fa8298f527d2ec648fa5b7/pyside6_essentials-6.10.0-cp39-abi3-manylinux_2_39_aarch64.whl", hash = "sha256:b1dd0864f0577a448fb44426b91cafff7ee7cccd1782ba66491e1c668033f998", size = 75454169, upload-time = "2025-10-08T09:48:38.21Z" },
    { url = "https://files.pythonhosted.org/packages/bb/3a/d8211d17e6ca70f641c6ebd309f08ef18930acda60e74082c75875a274da/pyside6_essentials-6.10.0-cp39-abi3-win_amd64.whl", hash = "sha256:fc167eb211dd1580e20ba90d299e74898e7a5a1306d832421e879641fc03b6fe", size = 74361794, upload-time = "2025-10-08T09:48:44.335Z" },
    { url = "https://files.pythonhosted.org/packages/61/e9/0e22e3c10325c4ff09447fadb43f7962afb82cef0b65358f5704251c6b32/pyside6_essentials-6.10.0-cp39-abi3-win_arm64.whl", hash = "sha256:6dd0936394cb14da2fd8e869899f5e0925a738b1c8d74c2f22503720ea363fb1", size = 55099467, upload-time = "2025-10-08T09:48:50.902Z" },
]

[[package]]
name = "pytest"
version = "9.0.0"
source = { registry = "https://pypi.org/simple" }
dependencies = [
    { name = "colorama", marker = "sys_platform == 'win32'" },
    { name = "iniconfig" },
    { name = "packaging" },
    { name = "pluggy" },
    { name = "pygments" },
]
sdist = { url = "https://files.pythonhosted.org/packages/da/1d/eb34f286b164c5e431a810a38697409cca1112cee04b287bb56ac486730b/pytest-9.0.0.tar.gz", hash = "sha256:8f44522eafe4137b0f35c9ce3072931a788a21ee40a2ed279e817d3cc16ed21e", size = 1562764, upload-time = "2025-11-08T17:25:33.34Z" }
wheels = [
    { url = "https://files.pythonhosted.org/packages/72/99/cafef234114a3b6d9f3aaed0723b437c40c57bdb7b3e4c3a575bc4890052/pytest-9.0.0-py3-none-any.whl", hash = "sha256:e5ccdf10b0bac554970ee88fc1a4ad0ee5d221f8ef22321f9b7e4584e19d7f96", size = 373364, upload-time = "2025-11-08T17:25:31.811Z" },
]

[[package]]
name = "python-dateutil"
version = "2.9.0.post0"
source = { registry = "https://pypi.org/simple" }
dependencies = [
    { name = "six" },
]
sdist = { url = "https://files.pythonhosted.org/packages/66/c0/0c8b6ad9f17a802ee498c46e004a0eb49bc148f2fd230864601a86dcf6db/python-dateutil-2.9.0.post0.tar.gz", hash = "sha256:37dd54208da7e1cd875388217d5e00ebd4179249f90fb72437e91a35459a0ad3", size = 342432, upload-time = "2024-03-01T18:36:20.211Z" }
wheels = [
    { url = "https://files.pythonhosted.org/packages/ec/57/56b9bcc3c9c6a792fcbaf139543cee77261f3651ca9da0c93f5c1221264b/python_dateutil-2.9.0.post0-py2.py3-none-any.whl", hash = "sha256:a8b2bc7bffae282281c8140a97d3aa9c14da0b136dfe83f850eea9a5f7470427", size = 229892, upload-time = "2024-03-01T18:36:18.57Z" },
]

[[package]]
name = "pytz"
version = "2025.2"
source = { registry = "https://pypi.org/simple" }
sdist = { url = "https://files.pythonhosted.org/packages/f8/bf/abbd3cdfb8fbc7fb3d4d38d320f2441b1e7cbe29be4f23797b4a2b5d8aac/pytz-2025.2.tar.gz", hash = "sha256:360b9e3dbb49a209c21ad61809c7fb453643e048b38924c765813546746e81c3", size = 320884, upload-time = "2025-03-25T02:25:00.538Z" }
wheels = [
    { url = "https://files.pythonhosted.org/packages/81/c4/34e93fe5f5429d7570ec1fa436f1986fb1f00c3e0f43a589fe2bbcd22c3f/pytz-2025.2-py2.py3-none-any.whl", hash = "sha256:5ddf76296dd8c44c26eb8f4b6f35488f3ccbf6fbbd7adee0b7262d43f0ec2f00", size = 509225, upload-time = "2025-03-25T02:24:58.468Z" },
]

[[package]]
name = "setuptools"
version = "80.9.0"
source = { registry = "https://pypi.org/simple" }
sdist = { url = "https://files.pythonhosted.org/packages/18/5d/3bf57dcd21979b887f014ea83c24ae194cfcd12b9e0fda66b957c69d1fca/setuptools-80.9.0.tar.gz", hash = "sha256:f36b47402ecde768dbfafc46e8e4207b4360c654f1f3bb84475f0a28628fb19c", size = 1319958, upload-time = "2025-05-27T00:56:51.443Z" }
wheels = [
    { url = "https://files.pythonhosted.org/packages/a3/dc/17031897dae0efacfea57dfd3a82fdd2a2aeb58e0ff71b77b87e44edc772/setuptools-80.9.0-py3-none-any.whl", hash = "sha256:062d34222ad13e0cc312a4c02d73f059e86a4acbfbdea8f8f76b28c99f306922", size = 1201486, upload-time = "2025-05-27T00:56:49.664Z" },
]

[[package]]
name = "shiboken6"
version = "6.10.0"
source = { registry = "https://pypi.org/simple" }
wheels = [
    { url = "https://files.pythonhosted.org/packages/fd/78/3e730aea82089dd82b1e092bc265778bda329459e6ad9b7134eec5fff3f2/shiboken6-6.10.0-cp39-abi3-macosx_13_0_universal2.whl", hash = "sha256:7a5f5f400ebfb3a13616030815708289c2154e701a60b9db7833b843e0bee543", size = 476535, upload-time = "2025-10-08T09:49:08Z" },
    { url = "https://files.pythonhosted.org/packages/ea/09/4ffa3284a17b6b765d45b41c9a7f1b2cde6c617c853ac6f170fb62bbbece/shiboken6-6.10.0-cp39-abi3-manylinux_2_34_x86_64.whl", hash = "sha256:e612734da515d683696980107cdc0396a3ae0f07b059f0f422ec8a2333810234", size = 271098, upload-time = "2025-10-08T09:49:09.47Z" },
    { url = "https://files.pythonhosted.org/packages/31/29/00e26f33a0fb259c2edce9c761a7a438d7531ca514bdb1a4c072673bd437/shiboken6-6.10.0-cp39-abi3-manylinux_2_39_aarch64.whl", hash = "sha256:b01377e68d14132360efb0f4b7233006d26aa8ae9bb50edf00960c2a5f52d148", size = 267698, upload-time = "2025-10-08T09:49:10.694Z" },
    { url = "https://files.pythonhosted.org/packages/11/30/e4624a7e3f0dc9796b701079b77defcce0d32d1afc86bb1d0df04bc3d9e2/shiboken6-6.10.0-cp39-abi3-win_amd64.whl", hash = "sha256:0bc5631c1bf150cbef768a17f5f289aae1cb4db6c6b0c19b2421394e27783717", size = 1234227, upload-time = "2025-10-08T09:49:12.774Z" },
    { url = "https://files.pythonhosted.org/packages/dd/e5/0ab862005ea87dc8647ba958a3099b3b0115fd6491c65da5c5a0f6364db1/shiboken6-6.10.0-cp39-abi3-win_arm64.whl", hash = "sha256:dfc4beab5fec7dbbebbb418f3bf99af865d6953aa0795435563d4cbb82093b61", size = 1794775, upload-time = "2025-10-08T09:49:14.641Z" },
]

[[package]]
name = "six"
version = "1.17.0"
source = { registry = "https://pypi.org/simple" }
sdist = { url = "https://files.pythonhosted.org/packages/94/e7/b2c673351809dca68a0e064b6af791aa332cf192da575fd474ed7d6f16a2/six-1.17.0.tar.gz", hash = "sha256:ff70335d468e7eb6ec65b95b99d3a2836546063f63acc5171de367e834932a81", size = 34031, upload-time = "2024-12-04T17:35:28.174Z" }
wheels = [
    { url = "https://files.pythonhosted.org/packages/b7/ce/149a00dd41f10bc29e5921b496af8b574d8413afcd5e30dfa0ed46c2cc5e/six-1.17.0-py2.py3-none-any.whl", hash = "sha256:4721f391ed90541fddacab5acf947aa0d3dc7d27b2e1e8eda2be8970586c3274", size = 11050, upload-time = "2024-12-04T17:35:26.475Z" },
]

[[package]]
name = "tzdata"
version = "2025.2"
source = { registry = "https://pypi.org/simple" }
sdist = { url = "https://files.pythonhosted.org/packages/95/32/1a225d6164441be760d75c2c42e2780dc0873fe382da3e98a2e1e48361e5/tzdata-2025.2.tar.gz", hash = "sha256:b60a638fcc0daffadf82fe0f57e53d06bdec2f36c4df66280ae79bce6bd6f2b9", size = 196380, upload-time = "2025-03-23T13:54:43.652Z" }
wheels = [
    { url = "https://files.pythonhosted.org/packages/5c/23/c7abc0ca0a1526a0774eca151daeb8de62ec457e77262b66b359c3c7679e/tzdata-2025.2-py2.py3-none-any.whl", hash = "sha256:1a403fada01ff9221ca8044d701868fa132215d84beb92242d9acd2147f667a8", size = 347839, upload-time = "2025-03-23T13:54:41.845Z" },
]
